{
  "name": "mobify-js-tools",
  "version": "0.2.24",
  "dependencies": {
    "request": {
      "version": "2.9.100"
    },
    "async": {
      "version": "0.1.15"
    },
    "coffee-script": {
      "version": "1.1.3"
    },
    "commander": {
      "version": "0.5.1"
    },
    "fstream": {
      "version": "0.1.16",
      "dependencies": {
        "rimraf": {
          "version": "2.0.1"
        },
        "mkdirp": {
          "version": "0.3.2"
        },
        "graceful-fs": {
          "version": "1.1.8"
        },
        "inherits": {
          "version": "1.0.0"
        }
      }
    },
    "tar": {
      "version": "0.1.12",
      "dependencies": {
        "inherits": {
          "version": "1.0.0"
        },
        "block-stream": {
          "version": "0.0.5"
        }
      }
    },
    "uglify-js": {
      "version": "1.2.5"
    },
    "clean-css": {
      "version": "0.3.2",
      "dependencies": {
        "optimist": {
          "version": "0.1.9"
        }
      }
    },
    "connect": {
      "version": "2.1.3",
      "dependencies": {
        "qs": {
          "version": "0.4.2"
        },
        "mime": {
          "version": "1.2.4"
        },
        "formidable": {
          "version": "1.0.9"
        },
        "crc": {
          "version": "0.1.0"
        },
        "debug": {
          "version": "0.7.0"
        }
      }
    },
    "express": {
      "version": "2.5.9",
      "dependencies": {
        "connect": {
          "version": "1.8.7",
          "dependencies": {
            "formidable": {
              "version": "1.0.9"
            }
          }
        },
        "mime": {
          "version": "1.2.4"
        },
        "qs": {
          "version": "0.4.2"
        },
        "mkdirp": {
          "version": "0.3.0"
        }
      }
    },
    "node-static": {
      "version": "0.5.8"
    },
    "mocha": {
      "version": "1.0.3",
      "dependencies": {
        "growl": {
          "version": "1.5.1"
        },
        "jade": {
          "version": "0.20.3",
          "dependencies": {
            "mkdirp": {
              "version": "0.3.2"
            }
          }
        },
        "diff": {
          "version": "1.0.2"
        },
        "debug": {
          "version": "0.7.0"
        }
      }
    }
  }
}
